
Microsoft Visual Studio Solution File, Format Version 12.00
# Visual Studio 15
VisualStudioVersion = 15.0.27428.2002
MinimumVisualStudioVersion = 10.0.40219.1
Project("{9A19103F-16F7-4668-BE54-9A1E7A4F7556}") = "Template", "Template\Template.csproj", "{471FA461-E310-42C3-B226-70C0D34933B5}"
EndProject
Project("{9A19103F-16F7-4668-BE54-9A1E7A4F7556}") = "Template.Tester", "Template.Tester\Template.Tester.csproj", "{BDAD8187-D10A-4DB0-A03B-3E4CF825840B}"
EndProject
Global
	GlobalSection(SolutionConfigurationPlatforms) = preSolution
		Debug|Any CPU = Debug|Any CPU
		Release|Any CPU = Release|Any CPU
	EndGlobalSection
	GlobalSection(ProjectConfigurationPlatforms) = postSolution
		{471FA461-E310-42C3-B226-70C0D34933B5}.Debug|Any CPU.ActiveCfg = Debug|Any CPU
		{471FA461-E310-42C3-B226-70C0D34933B5}.Debug|Any CPU.Build.0 = Debug|Any CPU
		{471FA461-E310-42C3-B226-70C0D34933B5}.Release|Any CPU.ActiveCfg = Release|Any CPU
		{471FA461-E310-42C3-B226-70C0D34933B5}.Release|Any CPU.Build.0 = Release|Any CPU
		{BDAD8187-D10A-4DB0-A03B-3E4CF825840B}.Debug|Any CPU.ActiveCfg = Debug|Any CPU
		{BDAD8187-D10A-4DB0-A03B-3E4CF825840B}.Debug|Any CPU.Build.0 = Debug|Any CPU
		{BDAD8187-D10A-4DB0-A03B-3E4CF825840B}.Release|Any CPU.ActiveCfg = Release|Any CPU
		{BDAD8187-D10A-4DB0-A03B-3E4CF825840B}.Release|Any CPU.Build.0 = Release|Any CPU
	EndGlobalSection
	GlobalSection(SolutionProperties) = preSolution
		HideSolutionNode = FALSE
	EndGlobalSection
	GlobalSection(ExtensibilityGlobals) = postSolution
		SolutionGuid = {93F02D25-1FB1-4845-A8DF-64B7599E2057}
	EndGlobalSection
EndGlobal
